
Microsoft Visual Studio Solution File, Format Version 12.00
# Visual Studio Version 17
VisualStudioVersion = 17.10.35122.118
MinimumVisualStudioVersion = 10.0.40219.1
Project("{FAE04EC0-301F-11D3-BF4B-00C04F79EFBC}") = "evalucion N3", "evalucion N3\evalucion N3.csproj", "{043FF4ED-72D7-4CCB-A4DC-7F2282BF1186}"
EndProject
Global
	GlobalSection(SolutionConfigurationPlatforms) = preSolution
		Debug|Any CPU = Debug|Any CPU
		Release|Any CPU = Release|Any CPU
	EndGlobalSection
	GlobalSection(ProjectConfigurationPlatforms) = postSolution
		{043FF4ED-72D7-4CCB-A4DC-7F2282BF1186}.Debug|Any CPU.ActiveCfg = Debug|Any CPU
		{043FF4ED-72D7-4CCB-A4DC-7F2282BF1186}.Debug|Any CPU.Build.0 = Debug|Any CPU
		{043FF4ED-72D7-4CCB-A4DC-7F2282BF1186}.Release|Any CPU.ActiveCfg = Release|Any CPU
		{043FF4ED-72D7-4CCB-A4DC-7F2282BF1186}.Release|Any CPU.Build.0 = Release|Any CPU
	EndGlobalSection
	GlobalSection(SolutionProperties) = preSolution
		HideSolutionNode = FALSE
	EndGlobalSection
	GlobalSection(ExtensibilityGlobals) = postSolution
		SolutionGuid = {33B44946-CA08-404C-BDFB-61881BF80E3B}
	EndGlobalSection
EndGlobal
